{
  "name": "example-pub-sub",
  "version": "0.1.0",
  "lockfileVersion": 2,
  "requires": true,
  "packages": {
    "": {
      "name": "example-pub-sub",
      "version": "0.1.0",
      "dependencies": {
        "typed-pub-sub": "file:.."
      },
      "devDependencies": {}
    },
    "..": {
      "version": "0.0.0-1",
      "license": "MIT",
      "devDependencies": {
        "@types/jest": "^27.4.1",
        "jest": "^27.5.1",
        "ts-jest": "^27.1.4",
        "typescript": "^4.6.3"
      }
    },
    "node_modules/typed-pub-sub": {
      "resolved": "..",
      "link": true
    }
  },
  "dependencies": {
    "typed-pub-sub": {
      "version": "file:..",
      "requires": {
        "@types/jest": "^27.4.1",
        "jest": "^27.5.1",
        "ts-jest": "^27.1.4",
        "typescript": "^4.6.3"
      }
    }
  }
}
